{
  "nodes": {
    "nixpkgs": {
      "locked": {
        "lastModified": 1788179007,
        "narHash": "sha256-hn1oU2rue2SYK8dAr8+WNZWtbsz1S2W5mnHlSEuh3bo=",
        "owner": "NixOS",
        "repo": "nixpkgs",
        "rev": "34ab99075ac4f7e40cf037eef32cb1c360bb85e9",
        "type": "github"
      },
      "original": {
        "owner": "NixOS",
        "ref": "nixos-unstable",
        "repo": "nixpkgs",
        "type": "github"
      }
    },
    "root": {
      "inputs": {
        "nixpkgs": "nixpkgs",
        "zmqcat": "zmqcat"
      }
    },
    "zmqcat": {
      "inputs": {
        "nixpkgs": [
          "nixpkgs"
        ]
      },
      "locked": {
        "lastModified": 1788306472,
        "narHash": "sha256-sY86pB2zGgHl93y6EcRAoo7QqSmI+7/WUX6KpOZphtc=",
        "owner": "pyrex41",
        "repo": "zmqcat",
        "rev": "527f2ac842ebf285eccf283e9585c7e43b4717eb",
        "type": "github"
      },
      "original": {
        "owner": "pyrex41",
        "repo": "zmqcat",
        "type": "github"
      }
    }
  },
  "root": "root",
  "version": 7
}
